
Microsoft Visual Studio Solution File, Format Version 12.00
Project("{FAE04EC0-301F-11D3-BF4B-00C04F79EFBC}") = "ployd", "ployd\ployd.csproj", "{5B8025D3-139C-48AB-A113-DD3FAC8E0858}"
EndProject
Project("{2150E333-8FDC-42A3-9474-1A3956D46DE8}") = "Modules", "Modules", "{B2CFCB80-33A0-4A8B-AFB9-B9757F700348}"
EndProject
Project("{2150E333-8FDC-42A3-9474-1A3956D46DE8}") = "Webhook", "Webhook", "{B11D4B6F-BA2B-4D8D-8257-F32BFD3DEE75}"
EndProject
Project("{FAE04EC0-301F-11D3-BF4B-00C04F79EFBC}") = "Module.Webhook", "Modules\Module.Webhook\Module.Webhook.csproj", "{4979A191-3A52-4193-9964-5E0D057156DE}"
EndProject
Project("{FAE04EC0-301F-11D3-BF4B-00C04F79EFBC}") = "Module.Webhook.Contract", "Modules\Module.Webhook.Contract\Module.Webhook.Contract.csproj", "{5EFBA212-3CE5-4DF6-97D8-3D2F5829F413}"
EndProject
Project("{2150E333-8FDC-42A3-9474-1A3956D46DE8}") = "Ressource", "Ressource", "{8E3773C1-C3A5-4776-A9FD-61A93E48DF82}"
EndProject
Project("{FAE04EC0-301F-11D3-BF4B-00C04F79EFBC}") = "Module.Resource", "Modules\Module.Resource\Module.Resource.csproj", "{EF329C93-0F8A-42CC-AC9E-C8A7F5E5C988}"
EndProject
Project("{FAE04EC0-301F-11D3-BF4B-00C04F79EFBC}") = "Module.Resource.Contract", "Modules\Module.Resource.Contract\Module.Resource.Contract.csproj", "{39C00EA9-9C9E-49FD-AFB4-345E5705F3BA}"
EndProject
Project("{2150E333-8FDC-42A3-9474-1A3956D46DE8}") = "ReverseProxy", "ReverseProxy", "{232CFC69-2D76-4A09-B644-7B89F5D705F0}"
EndProject
Project("{FAE04EC0-301F-11D3-BF4B-00C04F79EFBC}") = "Module.ReverseProxy", "Modules\Module.ReverseProxy\Module.ReverseProxy.csproj", "{07A9A14A-0235-4E61-B2C8-FBE7D8E2BF6F}"
EndProject
Project("{FAE04EC0-301F-11D3-BF4B-00C04F79EFBC}") = "Module.ReverseProxy.Contract", "Modules\Module.ReverseProxy.Contract\Module.ReverseProxy.Contract.csproj", "{1F3F9C61-4A19-4C20-9AB2-F29B20C88672}"
EndProject
Project("{2150E333-8FDC-42A3-9474-1A3956D46DE8}") = "Destination", "Destination", "{BA1940D9-2D56-4951-91C2-1450284B7966}"
EndProject
Project("{FAE04EC0-301F-11D3-BF4B-00C04F79EFBC}") = "Module.Destination", "Modules\Module.Destination\Module.Destination.csproj", "{426C719F-A0DB-4F52-A4CF-2EA154303B36}"
EndProject
Project("{FAE04EC0-301F-11D3-BF4B-00C04F79EFBC}") = "Module.Destination.Contract", "Modules\Module.Destination.Contract\Module.Destination.Contract.csproj", "{FFB28D60-4573-44E5-8DD7-8A2368A7923B}"
EndProject
Global
	GlobalSection(SolutionConfigurationPlatforms) = preSolution
		Debug|Any CPU = Debug|Any CPU
		Release|Any CPU = Release|Any CPU
	EndGlobalSection
	GlobalSection(ProjectConfigurationPlatforms) = postSolution
		{5B8025D3-139C-48AB-A113-DD3FAC8E0858}.Debug|Any CPU.ActiveCfg = Debug|Any CPU
		{5B8025D3-139C-48AB-A113-DD3FAC8E0858}.Debug|Any CPU.Build.0 = Debug|Any CPU
		{5B8025D3-139C-48AB-A113-DD3FAC8E0858}.Release|Any CPU.ActiveCfg = Release|Any CPU
		{5B8025D3-139C-48AB-A113-DD3FAC8E0858}.Release|Any CPU.Build.0 = Release|Any CPU
		{4979A191-3A52-4193-9964-5E0D057156DE}.Debug|Any CPU.ActiveCfg = Debug|Any CPU
		{4979A191-3A52-4193-9964-5E0D057156DE}.Debug|Any CPU.Build.0 = Debug|Any CPU
		{4979A191-3A52-4193-9964-5E0D057156DE}.Release|Any CPU.ActiveCfg = Release|Any CPU
		{4979A191-3A52-4193-9964-5E0D057156DE}.Release|Any CPU.Build.0 = Release|Any CPU
		{5EFBA212-3CE5-4DF6-97D8-3D2F5829F413}.Debug|Any CPU.ActiveCfg = Debug|Any CPU
		{5EFBA212-3CE5-4DF6-97D8-3D2F5829F413}.Debug|Any CPU.Build.0 = Debug|Any CPU
		{5EFBA212-3CE5-4DF6-97D8-3D2F5829F413}.Release|Any CPU.ActiveCfg = Release|Any CPU
		{5EFBA212-3CE5-4DF6-97D8-3D2F5829F413}.Release|Any CPU.Build.0 = Release|Any CPU
		{EF329C93-0F8A-42CC-AC9E-C8A7F5E5C988}.Debug|Any CPU.ActiveCfg = Debug|Any CPU
		{EF329C93-0F8A-42CC-AC9E-C8A7F5E5C988}.Debug|Any CPU.Build.0 = Debug|Any CPU
		{EF329C93-0F8A-42CC-AC9E-C8A7F5E5C988}.Release|Any CPU.ActiveCfg = Release|Any CPU
		{EF329C93-0F8A-42CC-AC9E-C8A7F5E5C988}.Release|Any CPU.Build.0 = Release|Any CPU
		{39C00EA9-9C9E-49FD-AFB4-345E5705F3BA}.Debug|Any CPU.ActiveCfg = Debug|Any CPU
		{39C00EA9-9C9E-49FD-AFB4-345E5705F3BA}.Debug|Any CPU.Build.0 = Debug|Any CPU
		{39C00EA9-9C9E-49FD-AFB4-345E5705F3BA}.Release|Any CPU.ActiveCfg = Release|Any CPU
		{39C00EA9-9C9E-49FD-AFB4-345E5705F3BA}.Release|Any CPU.Build.0 = Release|Any CPU
		{07A9A14A-0235-4E61-B2C8-FBE7D8E2BF6F}.Debug|Any CPU.ActiveCfg = Debug|Any CPU
		{07A9A14A-0235-4E61-B2C8-FBE7D8E2BF6F}.Debug|Any CPU.Build.0 = Debug|Any CPU
		{07A9A14A-0235-4E61-B2C8-FBE7D8E2BF6F}.Release|Any CPU.ActiveCfg = Release|Any CPU
		{07A9A14A-0235-4E61-B2C8-FBE7D8E2BF6F}.Release|Any CPU.Build.0 = Release|Any CPU
		{1F3F9C61-4A19-4C20-9AB2-F29B20C88672}.Debug|Any CPU.ActiveCfg = Debug|Any CPU
		{1F3F9C61-4A19-4C20-9AB2-F29B20C88672}.Debug|Any CPU.Build.0 = Debug|Any CPU
		{1F3F9C61-4A19-4C20-9AB2-F29B20C88672}.Release|Any CPU.ActiveCfg = Release|Any CPU
		{1F3F9C61-4A19-4C20-9AB2-F29B20C88672}.Release|Any CPU.Build.0 = Release|Any CPU
		{426C719F-A0DB-4F52-A4CF-2EA154303B36}.Debug|Any CPU.ActiveCfg = Debug|Any CPU
		{426C719F-A0DB-4F52-A4CF-2EA154303B36}.Debug|Any CPU.Build.0 = Debug|Any CPU
		{426C719F-A0DB-4F52-A4CF-2EA154303B36}.Release|Any CPU.ActiveCfg = Release|Any CPU
		{426C719F-A0DB-4F52-A4CF-2EA154303B36}.Release|Any CPU.Build.0 = Release|Any CPU
		{FFB28D60-4573-44E5-8DD7-8A2368A7923B}.Debug|Any CPU.ActiveCfg = Debug|Any CPU
		{FFB28D60-4573-44E5-8DD7-8A2368A7923B}.Debug|Any CPU.Build.0 = Debug|Any CPU
		{FFB28D60-4573-44E5-8DD7-8A2368A7923B}.Release|Any CPU.ActiveCfg = Release|Any CPU
		{FFB28D60-4573-44E5-8DD7-8A2368A7923B}.Release|Any CPU.Build.0 = Release|Any CPU
	EndGlobalSection
	GlobalSection(NestedProjects) = preSolution
		{B11D4B6F-BA2B-4D8D-8257-F32BFD3DEE75} = {B2CFCB80-33A0-4A8B-AFB9-B9757F700348}
		{4979A191-3A52-4193-9964-5E0D057156DE} = {B11D4B6F-BA2B-4D8D-8257-F32BFD3DEE75}
		{5EFBA212-3CE5-4DF6-97D8-3D2F5829F413} = {B11D4B6F-BA2B-4D8D-8257-F32BFD3DEE75}
		{8E3773C1-C3A5-4776-A9FD-61A93E48DF82} = {B2CFCB80-33A0-4A8B-AFB9-B9757F700348}
		{EF329C93-0F8A-42CC-AC9E-C8A7F5E5C988} = {8E3773C1-C3A5-4776-A9FD-61A93E48DF82}
		{39C00EA9-9C9E-49FD-AFB4-345E5705F3BA} = {8E3773C1-C3A5-4776-A9FD-61A93E48DF82}
		{232CFC69-2D76-4A09-B644-7B89F5D705F0} = {B2CFCB80-33A0-4A8B-AFB9-B9757F700348}
		{07A9A14A-0235-4E61-B2C8-FBE7D8E2BF6F} = {232CFC69-2D76-4A09-B644-7B89F5D705F0}
		{1F3F9C61-4A19-4C20-9AB2-F29B20C88672} = {232CFC69-2D76-4A09-B644-7B89F5D705F0}
		{BA1940D9-2D56-4951-91C2-1450284B7966} = {B2CFCB80-33A0-4A8B-AFB9-B9757F700348}
		{426C719F-A0DB-4F52-A4CF-2EA154303B36} = {BA1940D9-2D56-4951-91C2-1450284B7966}
		{FFB28D60-4573-44E5-8DD7-8A2368A7923B} = {BA1940D9-2D56-4951-91C2-1450284B7966}
	EndGlobalSection
EndGlobal
